
Microsoft Visual Studio Solution File, Format Version 12.00
# Visual Studio 15
Project("{FAE04EC0-301F-11D3-BF4B-00C04F79EFBC}") = "UnityEngine.UI", "UnityEngine.UI.csproj", "{F9D34119-7D7C-E7A1-B700-14B3F16ADD66}"
EndProject
Project("{FAE04EC0-301F-11D3-BF4B-00C04F79EFBC}") = "UnityEngine.TestRunner", "UnityEngine.TestRunner.csproj", "{A91E2E73-E8DA-6A80-770C-6E9D35F51FC8}"
EndProject
Project("{FAE04EC0-301F-11D3-BF4B-00C04F79EFBC}") = "Unity.Mathematics", "Unity.Mathematics.csproj", "{4B1DC0AB-DFD6-8E35-A749-7B4184B4F133}"
EndProject
Project("{FAE04EC0-301F-11D3-BF4B-00C04F79EFBC}") = "Unity.2D.Animation.Triangle.Runtime", "Unity.2D.Animation.Triangle.Runtime.csproj", "{EB77E61D-1561-03D9-9600-62785D656F78}"
EndProject
Project("{FAE04EC0-301F-11D3-BF4B-00C04F79EFBC}") = "Unity.Timeline", "Unity.Timeline.csproj", "{7BDD4568-6A8A-A8F3-F83A-E0C3B0DBA6BA}"
EndProject
Project("{FAE04EC0-301F-11D3-BF4B-00C04F79EFBC}") = "Assembly-CSharp", "Assembly-CSharp.csproj", "{631CC070-D9EF-EBCE-D3D8-798051996B51}"
EndProject
Project("{FAE04EC0-301F-11D3-BF4B-00C04F79EFBC}") = "Unity.TextMeshPro", "Unity.TextMeshPro.csproj", "{21B4BC50-8CE6-EB62-A5A9-44C544E6289F}"
EndProject
Project("{FAE04EC0-301F-11D3-BF4B-00C04F79EFBC}") = "Unity.2D.Animation.Runtime", "Unity.2D.Animation.Runtime.csproj", "{8E0CB81A-9510-BADE-3652-58746067D443}"
EndProject
Project("{FAE04EC0-301F-11D3-BF4B-00C04F79EFBC}") = "Unity.2D.IK.Runtime", "Unity.2D.IK.Runtime.csproj", "{F09D1E0A-960C-C83B-EA38-D6AB51F609F5}"
EndProject
Project("{FAE04EC0-301F-11D3-BF4B-00C04F79EFBC}") = "Unity.2D.SpriteShape.Runtime", "Unity.2D.SpriteShape.Runtime.csproj", "{E78A6438-9B47-E51B-B61C-7CD3844955B4}"
EndProject
Project("{FAE04EC0-301F-11D3-BF4B-00C04F79EFBC}") = "Unity.2D.PixelPerfect", "Unity.2D.PixelPerfect.csproj", "{04C49E06-8BDA-2F4E-C506-978AEDD48557}"
EndProject
Project("{FAE04EC0-301F-11D3-BF4B-00C04F79EFBC}") = "Unity.2D.Common.Runtime", "Unity.2D.Common.Runtime.csproj", "{BA1D90D0-DA41-8748-B903-4494BCC0F2CC}"
EndProject
Project("{FAE04EC0-301F-11D3-BF4B-00C04F79EFBC}") = "Unity.InternalAPIEngineBridge.001", "Unity.InternalAPIEngineBridge.001.csproj", "{62573A1B-EB4C-FDA8-FF81-5C351BDB1639}"
EndProject
Project("{FAE04EC0-301F-11D3-BF4B-00C04F79EFBC}") = "UnityEditor.TestRunner", "UnityEditor.TestRunner.csproj", "{D90EA3DA-7D9E-223D-8A01-CBCB87602CDB}"
EndProject
Project("{FAE04EC0-301F-11D3-BF4B-00C04F79EFBC}") = "UnityEditor.UI", "UnityEditor.UI.csproj", "{3C865F98-9AF3-90EE-EE50-7A0BA9B1D2D9}"
EndProject
Project("{FAE04EC0-301F-11D3-BF4B-00C04F79EFBC}") = "Unity.Timeline.Editor", "Unity.Timeline.Editor.csproj", "{91011597-8D83-A043-CA9B-0C0FDCEC6740}"
EndProject
Project("{FAE04EC0-301F-11D3-BF4B-00C04F79EFBC}") = "Unity.VisualStudio.Editor", "Unity.VisualStudio.Editor.csproj", "{C8D17042-2C30-6D66-C3FF-9EDA90538C9A}"
EndProject
Project("{FAE04EC0-301F-11D3-BF4B-00C04F79EFBC}") = "Unity.2D.Psdimporter.Editor", "Unity.2D.Psdimporter.Editor.csproj", "{19E1572C-9809-880E-9064-DA176B70958D}"
EndProject
Project("{FAE04EC0-301F-11D3-BF4B-00C04F79EFBC}") = "Unity.2D.Animation.Editor", "Unity.2D.Animation.Editor.csproj", "{8FADEED0-331C-78EF-4661-8D7F030E37A4}"
EndProject
Project("{FAE04EC0-301F-11D3-BF4B-00C04F79EFBC}") = "Unity.TextMeshPro.Editor", "Unity.TextMeshPro.Editor.csproj", "{45063399-E7A1-EF99-D05E-4068BB1FB2AA}"
EndProject
Project("{FAE04EC0-301F-11D3-BF4B-00C04F79EFBC}") = "Unity.2D.SpriteShape.Editor", "Unity.2D.SpriteShape.Editor.csproj", "{9210BDCA-45AC-4234-08A1-4E8B69615E4C}"
EndProject
Project("{FAE04EC0-301F-11D3-BF4B-00C04F79EFBC}") = "Unity.CollabProxy.Editor", "Unity.CollabProxy.Editor.csproj", "{708F9D68-BDB2-5DAF-84E7-31E780B1E0B6}"
EndProject
Project("{FAE04EC0-301F-11D3-BF4B-00C04F79EFBC}") = "PsdPlugin", "PsdPlugin.csproj", "{7AE06D7D-E542-13DE-078A-3E51AA23D3B0}"
EndProject
Project("{FAE04EC0-301F-11D3-BF4B-00C04F79EFBC}") = "Unity.2D.Path.Editor", "Unity.2D.Path.Editor.csproj", "{61ED8583-5C42-4C48-6780-C69FA56A1BA8}"
EndProject
Project("{FAE04EC0-301F-11D3-BF4B-00C04F79EFBC}") = "Unity.Rider.Editor", "Unity.Rider.Editor.csproj", "{2C7D0D12-68AA-D4B5-7E4A-AA35C38E140B}"
EndProject
Project("{FAE04EC0-301F-11D3-BF4B-00C04F79EFBC}") = "Unity.2D.IK.Editor", "Unity.2D.IK.Editor.csproj", "{9F048052-C231-34BA-82CB-546B080DAB2B}"
EndProject
Project("{FAE04EC0-301F-11D3-BF4B-00C04F79EFBC}") = "Unity.2D.Sprite.Editor", "Unity.2D.Sprite.Editor.csproj", "{6C73FFE9-8FE6-AB70-BEB1-DC1099FD57D2}"
EndProject
Project("{FAE04EC0-301F-11D3-BF4B-00C04F79EFBC}") = "Unity.2D.Tilemap.Editor", "Unity.2D.Tilemap.Editor.csproj", "{C803F60C-4E0E-9014-4CC3-2016E9F5A74A}"
EndProject
Project("{FAE04EC0-301F-11D3-BF4B-00C04F79EFBC}") = "Unity.2D.PixelPerfect.Editor", "Unity.2D.PixelPerfect.Editor.csproj", "{2B595475-3AD2-B60A-8089-DAD810949E20}"
EndProject
Project("{FAE04EC0-301F-11D3-BF4B-00C04F79EFBC}") = "Unity.VSCode.Editor", "Unity.VSCode.Editor.csproj", "{BC091491-0ECE-B452-6C56-8228ABE57041}"
EndProject
Project("{FAE04EC0-301F-11D3-BF4B-00C04F79EFBC}") = "Unity.2D.Common.Editor", "Unity.2D.Common.Editor.csproj", "{70A309D9-F511-3FF3-0A8F-0201A07856D1}"
EndProject
Project("{FAE04EC0-301F-11D3-BF4B-00C04F79EFBC}") = "Unity.Mathematics.Editor", "Unity.Mathematics.Editor.csproj", "{ECED12CD-5CAC-06A5-9BFF-60A8EBBB709C}"
EndProject
Project("{FAE04EC0-301F-11D3-BF4B-00C04F79EFBC}") = "Unity.InternalAPIEditorBridge.001", "Unity.InternalAPIEditorBridge.001.csproj", "{ADCEF621-9B14-80A4-33D3-9FA4015563DA}"
EndProject
Project("{FAE04EC0-301F-11D3-BF4B-00C04F79EFBC}") = "UnityEngine.UI", "UnityEngine.UI.Player.csproj", "{38956125-D559-D07F-494C-AC2FB9E5BCD3}"
EndProject
Project("{FAE04EC0-301F-11D3-BF4B-00C04F79EFBC}") = "UnityEngine.TestRunner", "UnityEngine.TestRunner.Player.csproj", "{3C510CFD-858B-DBCF-D14F-D87D8C102266}"
EndProject
Project("{FAE04EC0-301F-11D3-BF4B-00C04F79EFBC}") = "Unity.Mathematics", "Unity.Mathematics.Player.csproj", "{6D53A4C2-3976-CD42-ABAB-A23CE0F29CA9}"
EndProject
Project("{FAE04EC0-301F-11D3-BF4B-00C04F79EFBC}") = "Unity.2D.Animation.Triangle.Runtime", "Unity.2D.Animation.Triangle.Runtime.Player.csproj", "{50413745-3AD9-A3E7-BEAA-55B62FB086E8}"
EndProject
Project("{FAE04EC0-301F-11D3-BF4B-00C04F79EFBC}") = "Unity.Timeline", "Unity.Timeline.Player.csproj", "{0834B933-591E-357D-5AD1-3BAF5B4D5DE4}"
EndProject
Project("{FAE04EC0-301F-11D3-BF4B-00C04F79EFBC}") = "Assembly-CSharp", "Assembly-CSharp.Player.csproj", "{9AFDA15E-A3E4-B695-0A4B-AA1ECC40BD4A}"
EndProject
Project("{FAE04EC0-301F-11D3-BF4B-00C04F79EFBC}") = "Unity.TextMeshPro", "Unity.TextMeshPro.Player.csproj", "{ADC835D8-EA83-AFB5-FF3A-D049A2F43E14}"
EndProject
Project("{FAE04EC0-301F-11D3-BF4B-00C04F79EFBC}") = "Unity.2D.Animation.Runtime", "Unity.2D.Animation.Runtime.Player.csproj", "{2A5D685D-B4F9-F707-BA0C-6C95F5F7644A}"
EndProject
Project("{FAE04EC0-301F-11D3-BF4B-00C04F79EFBC}") = "Unity.2D.IK.Runtime", "Unity.2D.IK.Runtime.Player.csproj", "{FFC96D61-8360-FD5F-D5C1-DB9AF0301FD0}"
EndProject
Project("{FAE04EC0-301F-11D3-BF4B-00C04F79EFBC}") = "Unity.2D.SpriteShape.Runtime", "Unity.2D.SpriteShape.Runtime.Player.csproj", "{30EB6072-CCFA-9E9B-A73C-430E88F7FEF6}"
EndProject
Project("{FAE04EC0-301F-11D3-BF4B-00C04F79EFBC}") = "Unity.2D.PixelPerfect", "Unity.2D.PixelPerfect.Player.csproj", "{38BE46B9-8386-1BD6-3220-4683D78248C9}"
EndProject
Project("{FAE04EC0-301F-11D3-BF4B-00C04F79EFBC}") = "Unity.2D.Common.Runtime", "Unity.2D.Common.Runtime.Player.csproj", "{C2C81700-3C3A-4971-7532-4118ADA067CE}"
EndProject
Project("{FAE04EC0-301F-11D3-BF4B-00C04F79EFBC}") = "Unity.InternalAPIEngineBridge.001", "Unity.InternalAPIEngineBridge.001.Player.csproj", "{72CC984F-BC11-1A8A-D638-5106E91AC13B}"
EndProject
Global
	GlobalSection(SolutionConfigurationPlatforms) = preSolution
		Debug|Any CPU = Debug|Any CPU
		Release|Any CPU = Release|Any CPU
	EndGlobalSection
	GlobalSection(ProjectConfigurationPlatforms) = postSolution
		{F9D34119-7D7C-E7A1-B700-14B3F16ADD66}.Debug|Any CPU.ActiveCfg = Debug|Any CPU
		{F9D34119-7D7C-E7A1-B700-14B3F16ADD66}.Debug|Any CPU.Build.0 = Debug|Any CPU
		{F9D34119-7D7C-E7A1-B700-14B3F16ADD66}.Release|Any CPU.ActiveCfg = Release|Any CPU
		{F9D34119-7D7C-E7A1-B700-14B3F16ADD66}.Release|Any CPU.Build.0 = Release|Any CPU
		{A91E2E73-E8DA-6A80-770C-6E9D35F51FC8}.Debug|Any CPU.ActiveCfg = Debug|Any CPU
		{A91E2E73-E8DA-6A80-770C-6E9D35F51FC8}.Debug|Any CPU.Build.0 = Debug|Any CPU
		{A91E2E73-E8DA-6A80-770C-6E9D35F51FC8}.Release|Any CPU.ActiveCfg = Release|Any CPU
		{A91E2E73-E8DA-6A80-770C-6E9D35F51FC8}.Release|Any CPU.Build.0 = Release|Any CPU
		{4B1DC0AB-DFD6-8E35-A749-7B4184B4F133}.Debug|Any CPU.ActiveCfg = Debug|Any CPU
		{4B1DC0AB-DFD6-8E35-A749-7B4184B4F133}.Debug|Any CPU.Build.0 = Debug|Any CPU
		{4B1DC0AB-DFD6-8E35-A749-7B4184B4F133}.Release|Any CPU.ActiveCfg = Release|Any CPU
		{4B1DC0AB-DFD6-8E35-A749-7B4184B4F133}.Release|Any CPU.Build.0 = Release|Any CPU
		{EB77E61D-1561-03D9-9600-62785D656F78}.Debug|Any CPU.ActiveCfg = Debug|Any CPU
		{EB77E61D-1561-03D9-9600-62785D656F78}.Debug|Any CPU.Build.0 = Debug|Any CPU
		{EB77E61D-1561-03D9-9600-62785D656F78}.Release|Any CPU.ActiveCfg = Release|Any CPU
		{EB77E61D-1561-03D9-9600-62785D656F78}.Release|Any CPU.Build.0 = Release|Any CPU
		{7BDD4568-6A8A-A8F3-F83A-E0C3B0DBA6BA}.Debug|Any CPU.ActiveCfg = Debug|Any CPU
		{7BDD4568-6A8A-A8F3-F83A-E0C3B0DBA6BA}.Debug|Any CPU.Build.0 = Debug|Any CPU
		{7BDD4568-6A8A-A8F3-F83A-E0C3B0DBA6BA}.Release|Any CPU.ActiveCfg = Release|Any CPU
		{7BDD4568-6A8A-A8F3-F83A-E0C3B0DBA6BA}.Release|Any CPU.Build.0 = Release|Any CPU
		{631CC070-D9EF-EBCE-D3D8-798051996B51}.Debug|Any CPU.ActiveCfg = Debug|Any CPU
		{631CC070-D9EF-EBCE-D3D8-798051996B51}.Debug|Any CPU.Build.0 = Debug|Any CPU
		{631CC070-D9EF-EBCE-D3D8-798051996B51}.Release|Any CPU.ActiveCfg = Release|Any CPU
		{631CC070-D9EF-EBCE-D3D8-798051996B51}.Release|Any CPU.Build.0 = Release|Any CPU
		{21B4BC50-8CE6-EB62-A5A9-44C544E6289F}.Debug|Any CPU.ActiveCfg = Debug|Any CPU
		{21B4BC50-8CE6-EB62-A5A9-44C544E6289F}.Debug|Any CPU.Build.0 = Debug|Any CPU
		{21B4BC50-8CE6-EB62-A5A9-44C544E6289F}.Release|Any CPU.ActiveCfg = Release|Any CPU
		{21B4BC50-8CE6-EB62-A5A9-44C544E6289F}.Release|Any CPU.Build.0 = Release|Any CPU
		{8E0CB81A-9510-BADE-3652-58746067D443}.Debug|Any CPU.ActiveCfg = Debug|Any CPU
		{8E0CB81A-9510-BADE-3652-58746067D443}.Debug|Any CPU.Build.0 = Debug|Any CPU
		{8E0CB81A-9510-BADE-3652-58746067D443}.Release|Any CPU.ActiveCfg = Release|Any CPU
		{8E0CB81A-9510-BADE-3652-58746067D443}.Release|Any CPU.Build.0 = Release|Any CPU
		{F09D1E0A-960C-C83B-EA38-D6AB51F609F5}.Debug|Any CPU.ActiveCfg = Debug|Any CPU
		{F09D1E0A-960C-C83B-EA38-D6AB51F609F5}.Debug|Any CPU.Build.0 = Debug|Any CPU
		{F09D1E0A-960C-C83B-EA38-D6AB51F609F5}.Release|Any CPU.ActiveCfg = Release|Any CPU
		{F09D1E0A-960C-C83B-EA38-D6AB51F609F5}.Release|Any CPU.Build.0 = Release|Any CPU
		{E78A6438-9B47-E51B-B61C-7CD3844955B4}.Debug|Any CPU.ActiveCfg = Debug|Any CPU
		{E78A6438-9B47-E51B-B61C-7CD3844955B4}.Debug|Any CPU.Build.0 = Debug|Any CPU
		{E78A6438-9B47-E51B-B61C-7CD3844955B4}.Release|Any CPU.ActiveCfg = Release|Any CPU
		{E78A6438-9B47-E51B-B61C-7CD3844955B4}.Release|Any CPU.Build.0 = Release|Any CPU
		{04C49E06-8BDA-2F4E-C506-978AEDD48557}.Debug|Any CPU.ActiveCfg = Debug|Any CPU
		{04C49E06-8BDA-2F4E-C506-978AEDD48557}.Debug|Any CPU.Build.0 = Debug|Any CPU
		{04C49E06-8BDA-2F4E-C506-978AEDD48557}.Release|Any CPU.ActiveCfg = Release|Any CPU
		{04C49E06-8BDA-2F4E-C506-978AEDD48557}.Release|Any CPU.Build.0 = Release|Any CPU
		{BA1D90D0-DA41-8748-B903-4494BCC0F2CC}.Debug|Any CPU.ActiveCfg = Debug|Any CPU
		{BA1D90D0-DA41-8748-B903-4494BCC0F2CC}.Debug|Any CPU.Build.0 = Debug|Any CPU
		{BA1D90D0-DA41-8748-B903-4494BCC0F2CC}.Release|Any CPU.ActiveCfg = Release|Any CPU
		{BA1D90D0-DA41-8748-B903-4494BCC0F2CC}.Release|Any CPU.Build.0 = Release|Any CPU
		{62573A1B-EB4C-FDA8-FF81-5C351BDB1639}.Debug|Any CPU.ActiveCfg = Debug|Any CPU
		{62573A1B-EB4C-FDA8-FF81-5C351BDB1639}.Debug|Any CPU.Build.0 = Debug|Any CPU
		{62573A1B-EB4C-FDA8-FF81-5C351BDB1639}.Release|Any CPU.ActiveCfg = Release|Any CPU
		{62573A1B-EB4C-FDA8-FF81-5C351BDB1639}.Release|Any CPU.Build.0 = Release|Any CPU
		{D90EA3DA-7D9E-223D-8A01-CBCB87602CDB}.Debug|Any CPU.ActiveCfg = Debug|Any CPU
		{D90EA3DA-7D9E-223D-8A01-CBCB87602CDB}.Debug|Any CPU.Build.0 = Debug|Any CPU
		{D90EA3DA-7D9E-223D-8A01-CBCB87602CDB}.Release|Any CPU.ActiveCfg = Release|Any CPU
		{D90EA3DA-7D9E-223D-8A01-CBCB87602CDB}.Release|Any CPU.Build.0 = Release|Any CPU
		{3C865F98-9AF3-90EE-EE50-7A0BA9B1D2D9}.Debug|Any CPU.ActiveCfg = Debug|Any CPU
		{3C865F98-9AF3-90EE-EE50-7A0BA9B1D2D9}.Debug|Any CPU.Build.0 = Debug|Any CPU
		{3C865F98-9AF3-90EE-EE50-7A0BA9B1D2D9}.Release|Any CPU.ActiveCfg = Release|Any CPU
		{3C865F98-9AF3-90EE-EE50-7A0BA9B1D2D9}.Release|Any CPU.Build.0 = Release|Any CPU
		{91011597-8D83-A043-CA9B-0C0FDCEC6740}.Debug|Any CPU.ActiveCfg = Debug|Any CPU
		{91011597-8D83-A043-CA9B-0C0FDCEC6740}.Debug|Any CPU.Build.0 = Debug|Any CPU
		{91011597-8D83-A043-CA9B-0C0FDCEC6740}.Release|Any CPU.ActiveCfg = Release|Any CPU
		{91011597-8D83-A043-CA9B-0C0FDCEC6740}.Release|Any CPU.Build.0 = Release|Any CPU
		{C8D17042-2C30-6D66-C3FF-9EDA90538C9A}.Debug|Any CPU.ActiveCfg = Debug|Any CPU
		{C8D17042-2C30-6D66-C3FF-9EDA90538C9A}.Debug|Any CPU.Build.0 = Debug|Any CPU
		{C8D17042-2C30-6D66-C3FF-9EDA90538C9A}.Release|Any CPU.ActiveCfg = Release|Any CPU
		{C8D17042-2C30-6D66-C3FF-9EDA90538C9A}.Release|Any CPU.Build.0 = Release|Any CPU
		{19E1572C-9809-880E-9064-DA176B70958D}.Debug|Any CPU.ActiveCfg = Debug|Any CPU
		{19E1572C-9809-880E-9064-DA176B70958D}.Debug|Any CPU.Build.0 = Debug|Any CPU
		{19E1572C-9809-880E-9064-DA176B70958D}.Release|Any CPU.ActiveCfg = Release|Any CPU
		{19E1572C-9809-880E-9064-DA176B70958D}.Release|Any CPU.Build.0 = Release|Any CPU
		{8FADEED0-331C-78EF-4661-8D7F030E37A4}.Debug|Any CPU.ActiveCfg = Debug|Any CPU
		{8FADEED0-331C-78EF-4661-8D7F030E37A4}.Debug|Any CPU.Build.0 = Debug|Any CPU
		{8FADEED0-331C-78EF-4661-8D7F030E37A4}.Release|Any CPU.ActiveCfg = Release|Any CPU
		{8FADEED0-331C-78EF-4661-8D7F030E37A4}.Release|Any CPU.Build.0 = Release|Any CPU
		{45063399-E7A1-EF99-D05E-4068BB1FB2AA}.Debug|Any CPU.ActiveCfg = Debug|Any CPU
		{45063399-E7A1-EF99-D05E-4068BB1FB2AA}.Debug|Any CPU.Build.0 = Debug|Any CPU
		{45063399-E7A1-EF99-D05E-4068BB1FB2AA}.Release|Any CPU.ActiveCfg = Release|Any CPU
		{45063399-E7A1-EF99-D05E-4068BB1FB2AA}.Release|Any CPU.Build.0 = Release|Any CPU
		{9210BDCA-45AC-4234-08A1-4E8B69615E4C}.Debug|Any CPU.ActiveCfg = Debug|Any CPU
		{9210BDCA-45AC-4234-08A1-4E8B69615E4C}.Debug|Any CPU.Build.0 = Debug|Any CPU
		{9210BDCA-45AC-4234-08A1-4E8B69615E4C}.Release|Any CPU.ActiveCfg = Release|Any CPU
		{9210BDCA-45AC-4234-08A1-4E8B69615E4C}.Release|Any CPU.Build.0 = Release|Any CPU
		{708F9D68-BDB2-5DAF-84E7-31E780B1E0B6}.Debug|Any CPU.ActiveCfg = Debug|Any CPU
		{708F9D68-BDB2-5DAF-84E7-31E780B1E0B6}.Debug|Any CPU.Build.0 = Debug|Any CPU
		{708F9D68-BDB2-5DAF-84E7-31E780B1E0B6}.Release|Any CPU.ActiveCfg = Release|Any CPU
		{708F9D68-BDB2-5DAF-84E7-31E780B1E0B6}.Release|Any CPU.Build.0 = Release|Any CPU
		{7AE06D7D-E542-13DE-078A-3E51AA23D3B0}.Debug|Any CPU.ActiveCfg = Debug|Any CPU
		{7AE06D7D-E542-13DE-078A-3E51AA23D3B0}.Debug|Any CPU.Build.0 = Debug|Any CPU
		{7AE06D7D-E542-13DE-078A-3E51AA23D3B0}.Release|Any CPU.ActiveCfg = Release|Any CPU
		{7AE06D7D-E542-13DE-078A-3E51AA23D3B0}.Release|Any CPU.Build.0 = Release|Any CPU
		{61ED8583-5C42-4C48-6780-C69FA56A1BA8}.Debug|Any CPU.ActiveCfg = Debug|Any CPU
		{61ED8583-5C42-4C48-6780-C69FA56A1BA8}.Debug|Any CPU.Build.0 = Debug|Any CPU
		{61ED8583-5C42-4C48-6780-C69FA56A1BA8}.Release|Any CPU.ActiveCfg = Release|Any CPU
		{61ED8583-5C42-4C48-6780-C69FA56A1BA8}.Release|Any CPU.Build.0 = Release|Any CPU
		{2C7D0D12-68AA-D4B5-7E4A-AA35C38E140B}.Debug|Any CPU.ActiveCfg = Debug|Any CPU
		{2C7D0D12-68AA-D4B5-7E4A-AA35C38E140B}.Debug|Any CPU.Build.0 = Debug|Any CPU
		{2C7D0D12-68AA-D4B5-7E4A-AA35C38E140B}.Release|Any CPU.ActiveCfg = Release|Any CPU
		{2C7D0D12-68AA-D4B5-7E4A-AA35C38E140B}.Release|Any CPU.Build.0 = Release|Any CPU
		{9F048052-C231-34BA-82CB-546B080DAB2B}.Debug|Any CPU.ActiveCfg = Debug|Any CPU
		{9F048052-C231-34BA-82CB-546B080DAB2B}.Debug|Any CPU.Build.0 = Debug|Any CPU
		{9F048052-C231-34BA-82CB-546B080DAB2B}.Release|Any CPU.ActiveCfg = Release|Any CPU
		{9F048052-C231-34BA-82CB-546B080DAB2B}.Release|Any CPU.Build.0 = Release|Any CPU
		{6C73FFE9-8FE6-AB70-BEB1-DC1099FD57D2}.Debug|Any CPU.ActiveCfg = Debug|Any CPU
		{6C73FFE9-8FE6-AB70-BEB1-DC1099FD57D2}.Debug|Any CPU.Build.0 = Debug|Any CPU
		{6C73FFE9-8FE6-AB70-BEB1-DC1099FD57D2}.Release|Any CPU.ActiveCfg = Release|Any CPU
		{6C73FFE9-8FE6-AB70-BEB1-DC1099FD57D2}.Release|Any CPU.Build.0 = Release|Any CPU
		{C803F60C-4E0E-9014-4CC3-2016E9F5A74A}.Debug|Any CPU.ActiveCfg = Debug|Any CPU
		{C803F60C-4E0E-9014-4CC3-2016E9F5A74A}.Debug|Any CPU.Build.0 = Debug|Any CPU
		{C803F60C-4E0E-9014-4CC3-2016E9F5A74A}.Release|Any CPU.ActiveCfg = Release|Any CPU
		{C803F60C-4E0E-9014-4CC3-2016E9F5A74A}.Release|Any CPU.Build.0 = Release|Any CPU
		{2B595475-3AD2-B60A-8089-DAD810949E20}.Debug|Any CPU.ActiveCfg = Debug|Any CPU
		{2B595475-3AD2-B60A-8089-DAD810949E20}.Debug|Any CPU.Build.0 = Debug|Any CPU
		{2B595475-3AD2-B60A-8089-DAD810949E20}.Release|Any CPU.ActiveCfg = Release|Any CPU
		{2B595475-3AD2-B60A-8089-DAD810949E20}.Release|Any CPU.Build.0 = Release|Any CPU
		{BC091491-0ECE-B452-6C56-8228ABE57041}.Debug|Any CPU.ActiveCfg = Debug|Any CPU
		{BC091491-0ECE-B452-6C56-8228ABE57041}.Debug|Any CPU.Build.0 = Debug|Any CPU
		{BC091491-0ECE-B452-6C56-8228ABE57041}.Release|Any CPU.ActiveCfg = Release|Any CPU
		{BC091491-0ECE-B452-6C56-8228ABE57041}.Release|Any CPU.Build.0 = Release|Any CPU
		{70A309D9-F511-3FF3-0A8F-0201A07856D1}.Debug|Any CPU.ActiveCfg = Debug|Any CPU
		{70A309D9-F511-3FF3-0A8F-0201A07856D1}.Debug|Any CPU.Build.0 = Debug|Any CPU
		{70A309D9-F511-3FF3-0A8F-0201A07856D1}.Release|Any CPU.ActiveCfg = Release|Any CPU
		{70A309D9-F511-3FF3-0A8F-0201A07856D1}.Release|Any CPU.Build.0 = Release|Any CPU
		{ECED12CD-5CAC-06A5-9BFF-60A8EBBB709C}.Debug|Any CPU.ActiveCfg = Debug|Any CPU
		{ECED12CD-5CAC-06A5-9BFF-60A8EBBB709C}.Debug|Any CPU.Build.0 = Debug|Any CPU
		{ECED12CD-5CAC-06A5-9BFF-60A8EBBB709C}.Release|Any CPU.ActiveCfg = Release|Any CPU
		{ECED12CD-5CAC-06A5-9BFF-60A8EBBB709C}.Release|Any CPU.Build.0 = Release|Any CPU
		{ADCEF621-9B14-80A4-33D3-9FA4015563DA}.Debug|Any CPU.ActiveCfg = Debug|Any CPU
		{ADCEF621-9B14-80A4-33D3-9FA4015563DA}.Debug|Any CPU.Build.0 = Debug|Any CPU
		{ADCEF621-9B14-80A4-33D3-9FA4015563DA}.Release|Any CPU.ActiveCfg = Release|Any CPU
		{ADCEF621-9B14-80A4-33D3-9FA4015563DA}.Release|Any CPU.Build.0 = Release|Any CPU
		{38956125-D559-D07F-494C-AC2FB9E5BCD3}.Debug|Any CPU.ActiveCfg = Debug|Any CPU
		{38956125-D559-D07F-494C-AC2FB9E5BCD3}.Debug|Any CPU.Build.0 = Debug|Any CPU
		{38956125-D559-D07F-494C-AC2FB9E5BCD3}.Release|Any CPU.ActiveCfg = Release|Any CPU
		{38956125-D559-D07F-494C-AC2FB9E5BCD3}.Release|Any CPU.Build.0 = Release|Any CPU
		{3C510CFD-858B-DBCF-D14F-D87D8C102266}.Debug|Any CPU.ActiveCfg = Debug|Any CPU
		{3C510CFD-858B-DBCF-D14F-D87D8C102266}.Debug|Any CPU.Build.0 = Debug|Any CPU
		{3C510CFD-858B-DBCF-D14F-D87D8C102266}.Release|Any CPU.ActiveCfg = Release|Any CPU
		{3C510CFD-858B-DBCF-D14F-D87D8C102266}.Release|Any CPU.Build.0 = Release|Any CPU
		{6D53A4C2-3976-CD42-ABAB-A23CE0F29CA9}.Debug|Any CPU.ActiveCfg = Debug|Any CPU
		{6D53A4C2-3976-CD42-ABAB-A23CE0F29CA9}.Debug|Any CPU.Build.0 = Debug|Any CPU
		{6D53A4C2-3976-CD42-ABAB-A23CE0F29CA9}.Release|Any CPU.ActiveCfg = Release|Any CPU
		{6D53A4C2-3976-CD42-ABAB-A23CE0F29CA9}.Release|Any CPU.Build.0 = Release|Any CPU
		{50413745-3AD9-A3E7-BEAA-55B62FB086E8}.Debug|Any CPU.ActiveCfg = Debug|Any CPU
		{50413745-3AD9-A3E7-BEAA-55B62FB086E8}.Debug|Any CPU.Build.0 = Debug|Any CPU
		{50413745-3AD9-A3E7-BEAA-55B62FB086E8}.Release|Any CPU.ActiveCfg = Release|Any CPU
		{50413745-3AD9-A3E7-BEAA-55B62FB086E8}.Release|Any CPU.Build.0 = Release|Any CPU
		{0834B933-591E-357D-5AD1-3BAF5B4D5DE4}.Debug|Any CPU.ActiveCfg = Debug|Any CPU
		{0834B933-591E-357D-5AD1-3BAF5B4D5DE4}.Debug|Any CPU.Build.0 = Debug|Any CPU
		{0834B933-591E-357D-5AD1-3BAF5B4D5DE4}.Release|Any CPU.ActiveCfg = Release|Any CPU
		{0834B933-591E-357D-5AD1-3BAF5B4D5DE4}.Release|Any CPU.Build.0 = Release|Any CPU
		{9AFDA15E-A3E4-B695-0A4B-AA1ECC40BD4A}.Debug|Any CPU.ActiveCfg = Debug|Any CPU
		{9AFDA15E-A3E4-B695-0A4B-AA1ECC40BD4A}.Debug|Any CPU.Build.0 = Debug|Any CPU
		{9AFDA15E-A3E4-B695-0A4B-AA1ECC40BD4A}.Release|Any CPU.ActiveCfg = Release|Any CPU
		{9AFDA15E-A3E4-B695-0A4B-AA1ECC40BD4A}.Release|Any CPU.Build.0 = Release|Any CPU
		{ADC835D8-EA83-AFB5-FF3A-D049A2F43E14}.Debug|Any CPU.ActiveCfg = Debug|Any CPU
		{ADC835D8-EA83-AFB5-FF3A-D049A2F43E14}.Debug|Any CPU.Build.0 = Debug|Any CPU
		{ADC835D8-EA83-AFB5-FF3A-D049A2F43E14}.Release|Any CPU.ActiveCfg = Release|Any CPU
		{ADC835D8-EA83-AFB5-FF3A-D049A2F43E14}.Release|Any CPU.Build.0 = Release|Any CPU
		{2A5D685D-B4F9-F707-BA0C-6C95F5F7644A}.Debug|Any CPU.ActiveCfg = Debug|Any CPU
		{2A5D685D-B4F9-F707-BA0C-6C95F5F7644A}.Debug|Any CPU.Build.0 = Debug|Any CPU
		{2A5D685D-B4F9-F707-BA0C-6C95F5F7644A}.Release|Any CPU.ActiveCfg = Release|Any CPU
		{2A5D685D-B4F9-F707-BA0C-6C95F5F7644A}.Release|Any CPU.Build.0 = Release|Any CPU
		{FFC96D61-8360-FD5F-D5C1-DB9AF0301FD0}.Debug|Any CPU.ActiveCfg = Debug|Any CPU
		{FFC96D61-8360-FD5F-D5C1-DB9AF0301FD0}.Debug|Any CPU.Build.0 = Debug|Any CPU
		{FFC96D61-8360-FD5F-D5C1-DB9AF0301FD0}.Release|Any CPU.ActiveCfg = Release|Any CPU
		{FFC96D61-8360-FD5F-D5C1-DB9AF0301FD0}.Release|Any CPU.Build.0 = Release|Any CPU
		{30EB6072-CCFA-9E9B-A73C-430E88F7FEF6}.Debug|Any CPU.ActiveCfg = Debug|Any CPU
		{30EB6072-CCFA-9E9B-A73C-430E88F7FEF6}.Debug|Any CPU.Build.0 = Debug|Any CPU
		{30EB6072-CCFA-9E9B-A73C-430E88F7FEF6}.Release|Any CPU.ActiveCfg = Release|Any CPU
		{30EB6072-CCFA-9E9B-A73C-430E88F7FEF6}.Release|Any CPU.Build.0 = Release|Any CPU
		{38BE46B9-8386-1BD6-3220-4683D78248C9}.Debug|Any CPU.ActiveCfg = Debug|Any CPU
		{38BE46B9-8386-1BD6-3220-4683D78248C9}.Debug|Any CPU.Build.0 = Debug|Any CPU
		{38BE46B9-8386-1BD6-3220-4683D78248C9}.Release|Any CPU.ActiveCfg = Release|Any CPU
		{38BE46B9-8386-1BD6-3220-4683D78248C9}.Release|Any CPU.Build.0 = Release|Any CPU
		{C2C81700-3C3A-4971-7532-4118ADA067CE}.Debug|Any CPU.ActiveCfg = Debug|Any CPU
		{C2C81700-3C3A-4971-7532-4118ADA067CE}.Debug|Any CPU.Build.0 = Debug|Any CPU
		{C2C81700-3C3A-4971-7532-4118ADA067CE}.Release|Any CPU.ActiveCfg = Release|Any CPU
		{C2C81700-3C3A-4971-7532-4118ADA067CE}.Release|Any CPU.Build.0 = Release|Any CPU
		{72CC984F-BC11-1A8A-D638-5106E91AC13B}.Debug|Any CPU.ActiveCfg = Debug|Any CPU
		{72CC984F-BC11-1A8A-D638-5106E91AC13B}.Debug|Any CPU.Build.0 = Debug|Any CPU
		{72CC984F-BC11-1A8A-D638-5106E91AC13B}.Release|Any CPU.ActiveCfg = Release|Any CPU
		{72CC984F-BC11-1A8A-D638-5106E91AC13B}.Release|Any CPU.Build.0 = Release|Any CPU
	EndGlobalSection
	GlobalSection(SolutionProperties) = preSolution
		HideSolutionNode = FALSE
	EndGlobalSection
EndGlobal
